# THIS IS AN AUTOGENERATED FILE. DO NOT EDIT THIS FILE DIRECTLY.
# yarn lockfile v1


chalk@^5.2.0:
  version "5.2.0"
  resolved "https://registry.yarnpkg.com/chalk/-/chalk-5.2.0.tgz#249623b7d66869c673699fb66d65723e54dfcfb3"
  integrity sha512-ree3Gqw/nazQAPuJJEy+avdl7QfZMcUvmHIKgEZkGL+xOBzRvup5Hxo6LHuMceSxOabuJLJm5Yp/92R9eMmMvA==

dotenv@^16.0.3:
  version "16.0.3"
  resolved "https://registry.yarnpkg.com/dotenv/-/dotenv-16.0.3.tgz#115aec42bac5053db3c456db30cc243a5a836a07"
  integrity sha512-7GO6HghkA5fYG9TYnNxi14/7K9f5occMlp3zXAuSxn7CKCxt9xbNWG7yF8hTCSUchlfWSe3uLmlPfigevRItzQ==

ws@^8.12.1:
  version "8.12.1"
  resolved "https://registry.yarnpkg.com/ws/-/ws-8.12.1.tgz#c51e583d79140b5e42e39be48c934131942d4a8f"
  integrity sha512-1qo+M9Ba+xNhPB+YTWUlK6M17brTut5EXbcBaMRN5pH5dFrXz7lzz1ChFSUq3bOUl8yEvSenhHmYUNJxFzdJew==
